Microsoft Visual Studio Solution File, Format Version 11.00
# Visual Studio 2010
Project("{FAE04EC0-301F-11D3-BF4B-00C04F79EFBC}") = "HTML_Export_ImageSourceExample", "HTML_Export_ImageSourceExample\HTML_Export_ImageSourceExample.csproj", "{2B7242BF-8B2B-4BA0-B170-990E97CE779D}"
	ProjectSection(WebsiteProperties) = preProject
		Debug.AspNetCompiler.Debug = "True"
		Release.AspNetCompiler.Debug = "False"
	TargetFrameworkMoniker = ".NETFramework,Version%3Dv4.0"
EndProjectSection
EndProject
Global
	GlobalSection(SolutionConfigurationPlatforms) = preSolution
		Debug|Any CPU = Debug|Any CPU
		Release|Any CPU = Release|Any CPU
	EndGlobalSection
	GlobalSection(ProjectConfigurationPlatforms) = postSolution
		{2B7242BF-8B2B-4BA0-B170-990E97CE779D}.Debug|Any CPU.ActiveCfg = Debug|Any CPU
		{2B7242BF-8B2B-4BA0-B170-990E97CE779D}.Debug|Any CPU.Build.0 = Debug|Any CPU
		{2B7242BF-8B2B-4BA0-B170-990E97CE779D}.Release|Any CPU.ActiveCfg = Release|Any CPU
		{2B7242BF-8B2B-4BA0-B170-990E97CE779D}.Release|Any CPU.Build.0 = Release|Any CPU
	EndGlobalSection
	GlobalSection(SolutionProperties) = preSolution
		HideSolutionNode = FALSE
	EndGlobalSection
EndGlobal
